version = 1
revision = 3
requires-python = ">=3.13"
resolution-markers = [
    "python_full_version >= '3.14'",
    "python_full_version < '3.14'",
]

[[package]]
name = "certifi"
version = "2026.1.4"
source = { registry = "https://us-python.pkg.dev/artifact-foundry-prod/ah-3p-staging-python/simple/" }
sdist = { url = "https://us-python.pkg.dev/artifact-foundry-prod/ah-3p-staging-python/certifi/certifi-2026.1.4.tar.gz", hash = "sha256:ac726dd470482006e014ad384921ed6438c457018f4b3d204aea4281258b2120" }
wheels = [
    { url = "https://us-python.pkg.dev/artifact-foundry-prod/ah-3p-staging-python/certifi/certifi-2026.1.4-py3-none-any.whl", hash = "sha256:9943707519e4add1115f44c2bc244f782c0249876bf51b6599fee1ffbedd685c" },
]

[[package]]
name = "charset-normalizer"
version = "3.4.4"
source = { registry = "https://us-python.pkg.dev/artifact-foundry-prod/ah-3p-staging-python/simple/" }
sdist = { url = "https://us-python.pkg.dev/artifact-foundry-prod/ah-3p-staging-python/charset-normalizer/charset_normalizer-3.4.4.tar.gz", hash = "sha256:94537985111c35f28720e43603b8e7b43a6ecfb2ce1d3058bbe955b73404e21a" }
wheels = [
    { url = "https://us-python.pkg.dev/artifact-foundry-prod/ah-3p-staging-python/charset-normalizer/charset_normalizer-3.4.4-cp313-cp313-macosx_10_13_universal2.whl", hash = "sha256:e1f185f86a6f3403aa2420e815904c67b2f9ebc443f045edd0de921108345794" },
    { url = "https://us-python.pkg.dev/artifact-foundry-prod/ah-3p-staging-python/charset-normalizer/charset_normalizer-3.4.4-cp313-cp313-manylinux2014_aarch64.manylinux_2_17_aarch64.manylinux_2_28_aarch64.whl", hash = "sha256:6b39f987ae8ccdf0d2642338faf2abb1862340facc796048b604ef14919e55ed" },
    { url = "https://us-python.pkg.dev/artifact-foundry-prod/ah-3p-staging-python/charset-normalizer/charset_normalizer-3.4.4-cp313-cp313-manylinux2014_armv7l.manylinux_2_17_armv7l.manylinux_2_31_armv7l.whl", hash = "sha256:3162d5d8ce1bb98dd51af660f2121c55d0fa541b46dff7bb9b9f86ea1d87de72" },
    { url = "https://us-python.pkg.dev/artifact-foundry-prod/ah-3p-staging-python/charset-normalizer/charset_normalizer-3.4.4-cp313-cp313-manylinux2014_ppc64le.manylinux_2_17_ppc64le.manylinux_2_28_ppc64le.whl", hash = "sha256:81d5eb2a312700f4ecaa977a8235b634ce853200e828fbadf3a9c50bab278328" },
    { url = "https://us-python.pkg.dev/artifact-foundry-prod/ah-3p-staging-python/charset-normalizer/charset_normalizer-3.4.4-cp313-cp313-manylinux2014_s390x.manylinux_2_17_s390x.manylinux_2_28_s390x.whl", hash = "sha256:5bd2293095d766545ec1a8f612559f6b40abc0eb18bb2f5d1171872d34036ede" },
    { url = "https://us-python.pkg.dev/artifact-foundry-prod/ah-3p-staging-python/charset-normalizer/charset_normalizer-3.4.4-cp313-cp313-manylinux2014_x86_64.manylinux_2_17_x86_64.manylinux_2_28_x86_64.whl", hash = "sha256:a8a8b89589086a25749f471e6a900d3f662d1d3b6e2e59dcecf787b1cc3a1894" },
    { url = "https://us-python.pkg.dev/artifact-foundry-prod/ah-3p-staging-python/charset-normalizer/charset_normalizer-3.4.4-cp313-cp313-manylinux_2_31_riscv64.manylinux_2_39_riscv64.whl", hash = "sha256:bc7637e2f80d8530ee4a78e878bce464f70087ce73cf7c1caf142416923b98f1" },
    { url = "https://us-python.pkg.dev/artifact-foundry-prod/ah-3p-staging-python/charset-normalizer/charset_normalizer-3.4.4-cp313-cp313-musllinux_1_2_aarch64.whl", hash = "sha256:f8bf04158c6b607d747e93949aa60618b61312fe647a6369f88ce2ff16043490" },
    { url = "https://us-python.pkg.dev/artifact-foundry-prod/ah-3p-staging-python/charset-normalizer/charset_normalizer-3.4.4-cp313-cp313-musllinux_1_2_armv7l.whl", hash = "sha256:554af85e960429cf30784dd47447d5125aaa3b99a6f0683589dbd27e2f45da44" },
    { url = "https://us-python.pkg.dev/artifact-foundry-prod/ah-3p-staging-python/charset-normalizer/charset_normalizer-3.4.4-cp313-cp313-musllinux_1_2_ppc64le.whl", hash = "sha256:74018750915ee7ad843a774364e13a3db91682f26142baddf775342c3f5b1133" },
    { url = "https://us-python.pkg.dev/artifact-foundry-prod/ah-3p-staging-python/charset-normalizer/charset_normalizer-3.4.4-cp313-cp313-musllinux_1_2_riscv64.whl", hash = "sha256:c0463276121fdee9c49b98908b3a89c39be45d86d1dbaa22957e38f6321d4ce3" },
    { url = "https://us-python.pkg.dev/artifact-foundry-prod/ah-3p-staging-python/charset-normalizer/charset_normalizer-3.4.4-cp313-cp313-musllinux_1_2_s390x.whl", hash = "sha256:362d61fd13843997c1c446760ef36f240cf81d3ebf74ac62652aebaf7838561e" },
    { url = "https://us-python.pkg.dev/artifact-foundry-prod/ah-3p-staging-python/charset-normalizer/charset_normalizer-3.4.4-cp313-cp313-musllinux_1_2_x86_64.whl", hash = "sha256:9a26f18905b8dd5d685d6d07b0cdf98a79f3c7a918906af7cc143ea2e164c8bc" },
    { url = "https://us-python.pkg.dev/artifact-foundry-prod/ah-3p-staging-python/charset-normalizer/charset_normalizer-3.4.4-cp313-cp313-win32.whl", hash = "sha256:9b35f4c90079ff2e2edc5b26c0c77925e5d2d255c42c74fdb70fb49b172726ac" },
    { url = "https://us-python.pkg.dev/artifact-foundry-prod/ah-3p-staging-python/charset-normalizer/charset_normalizer-3.4.4-cp313-cp313-win_amd64.whl", hash = "sha256:b435cba5f4f750aa6c0a0d92c541fb79f69a387c91e61f1795227e4ed9cece14" },
    { url = "https://us-python.pkg.dev/artifact-foundry-prod/ah-3p-staging-python/charset-normalizer/charset_normalizer-3.4.4-cp313-cp313-win_arm64.whl", hash = "sha256:542d2cee80be6f80247095cc36c418f7bddd14f4a6de45af91dfad36d817bba2" },
    { url = "https://us-python.pkg.dev/artifact-foundry-prod/ah-3p-staging-python/charset-normalizer/charset_normalizer-3.4.4-cp314-cp314-macosx_10_13_universal2.whl", hash = "sha256:da3326d9e65ef63a817ecbcc0df6e94463713b754fe293eaa03da99befb9a5bd" },
    { url = "https://us-python.pkg.dev/artifact-foundry-prod/ah-3p-staging-python/charset-normalizer/charset_normalizer-3.4.4-cp314-cp314-manylinux2014_aarch64.manylinux_2_17_aarch64.manylinux_2_28_aarch64.whl", hash = "sha256:8af65f14dc14a79b924524b1e7fffe304517b2bff5a58bf64f30b98bbc5079eb" },
    { url = "https://us-python.pkg.dev/artifact-foundry-prod/ah-3p-staging-python/charset-normalizer/charset_normalizer-3.4.4-cp314-cp314-manylinux2014_armv7l.manylinux_2_17_armv7l.manylinux_2_31_armv7l.whl", hash = "sha256:74664978bb272435107de04e36db5a9735e78232b85b77d45cfb38f758efd33e" },
    { url = "https://us-python.pkg.dev/artifact-foundry-prod/ah-3p-staging-python/charset-normalizer/charset_normalizer-3.4.4-cp314-cp314-manylinux2014_ppc64le.manylinux_2_17_ppc64le.manylinux_2_28_ppc64le.whl", hash = "sha256:752944c7ffbfdd10c074dc58ec2d5a8a4cd9493b314d367c14d24c17684ddd14" },
    { url = "https://us-python.pkg.dev/artifact-foundry-prod/ah-3p-staging-python/charset-normalizer/charset_normalizer-3.4.4-cp314-cp314-manylinux2014_s390x.manylinux_2_17_s390x.manylinux_2_28_s390x.whl", hash = "sha256:d1f13550535ad8cff21b8d757a3257963e951d96e20ec82ab44bc64aeb62a191" },
    { url = "https://us-python.pkg.dev/artifact-foundry-prod/ah-3p-staging-python/charset-normalizer/charset_normalizer-3.4.4-cp314-cp314-manylinux2014_x86_64.manylinux_2_17_x86_64.manylinux_2_28_x86_64.whl", hash = "sha256:ecaae4149d99b1c9e7b88bb03e3221956f68fd6d50be2ef061b2381b61d20838" },
    { url = "https://us-python.pkg.dev/artifact-foundry-prod/ah-3p-staging-python/charset-normalizer/charset_normalizer-3.4.4-cp314-cp314-manylinux_2_31_riscv64.manylinux_2_39_riscv64.whl", hash = "sha256:cb6254dc36b47a990e59e1068afacdcd02958bdcce30bb50cc1700a8b9d624a6" },
    { url = "https://us-python.pkg.dev/artifact-foundry-prod/ah-3p-staging-python/charset-normalizer/charset_normalizer-3.4.4-cp314-cp314-musllinux_1_2_aarch64.whl", hash = "sha256:c8ae8a0f02f57a6e61203a31428fa1d677cbe50c93622b4149d5c0f319c1d19e" },
    { url = "https://us-python.pkg.dev/artifact-foundry-prod/ah-3p-staging-python/charset-normalizer/charset_normalizer-3.4.4-cp314-cp314-musllinux_1_2_armv7l.whl", hash = "sha256:47cc91b2f4dd2833fddaedd2893006b0106129d4b94fdb6af1f4ce5a9965577c" },
    { url = "https://us-python.pkg.dev/artifact-foundry-prod/ah-3p-staging-python/charset-normalizer/charset_normalizer-3.4.4-cp314-cp314-musllinux_1_2_ppc64le.whl", hash = "sha256:82004af6c302b5d3ab2cfc4cc5f29db16123b1a8417f2e25f9066f91d4411090" },
    { url = "https://us-python.pkg.dev/artifact-foundry-prod/ah-3p-staging-python/charset-normalizer/charset_normalizer-3.4.4-cp314-cp314-musllinux_1_2_riscv64.whl", hash = "sha256:2b7d8f6c26245217bd2ad053761201e9f9680f8ce52f0fcd8d0755aeae5b2152" },
    { url = "https://us-python.pkg.dev/artifact-foundry-prod/ah-3p-staging-python/charset-normalizer/charset_normalizer-3.4.4-cp314-cp314-musllinux_1_2_s390x.whl", hash = "sha256:799a7a5e4fb2d5898c60b640fd4981d6a25f1c11790935a44ce38c54e985f828" },
    { url = "https://us-python.pkg.dev/artifact-foundry-prod/ah-3p-staging-python/charset-normalizer/charset_normalizer-3.4.4-cp314-cp314-musllinux_1_2_x86_64.whl", hash = "sha256:99ae2cffebb06e6c22bdc25801d7b30f503cc87dbd283479e7b606f70aff57ec" },
    { url = "https://us-python.pkg.dev/artifact-foundry-prod/ah-3p-staging-python/charset-normalizer/charset_normalizer-3.4.4-cp314-cp314-win32.whl", hash = "sha256:f9d332f8c2a2fcbffe1378594431458ddbef721c1769d78e2cbc06280d8155f9" },
    { url = "https://us-python.pkg.dev/artifact-foundry-prod/ah-3p-staging-python/charset-normalizer/charset_normalizer-3.4.4-cp314-cp314-win_amd64.whl", hash = "sha256:8a6562c3700cce886c5be75ade4a5db4214fda19fede41d9792d100288d8f94c" },
    { url = "https://us-python.pkg.dev/artifact-foundry-prod/ah-3p-staging-python/charset-normalizer/charset_normalizer-3.4.4-cp314-cp314-win_arm64.whl", hash = "sha256:de00632ca48df9daf77a2c65a484531649261ec9f25489917f09e455cb09ddb2" },
    { url = "https://us-python.pkg.dev/artifact-foundry-prod/ah-3p-staging-python/charset-normalizer/charset_normalizer-3.4.4-py3-none-any.whl", hash = "sha256:7a32c560861a02ff789ad905a2fe94e3f840803362c84fecf1851cb4cf3dc37f" },
]

[[package]]
name = "google-api-core"
version = "2.29.0"
source = { registry = "https://us-python.pkg.dev/artifact-foundry-prod/ah-3p-staging-python/simple/" }
dependencies = [
    { name = "google-auth" },
    { name = "googleapis-common-protos" },
    { name = "proto-plus" },
    { name = "protobuf" },
    { name = "requests" },
]
sdist = { url = "https://us-python.pkg.dev/artifact-foundry-prod/ah-3p-staging-python/google-api-core/google_api_core-2.29.0.tar.gz", hash = "sha256:84181be0f8e6b04006df75ddfe728f24489f0af57c96a529ff7cf45bc28797f7" }
wheels = [
    { url = "https://us-python.pkg.dev/artifact-foundry-prod/ah-3p-staging-python/google-api-core/google_api_core-2.29.0-py3-none-any.whl", hash = "sha256:d30bc60980daa36e314b5d5a3e5958b0200cb44ca8fa1be2b614e932b75a3ea9" },
]

[package.optional-dependencies]
grpc = [
    { name = "grpcio" },
    { name = "grpcio-status" },
]

[[package]]
name = "google-auth"
version = "2.47.0"
source = { registry = "https://us-python.pkg.dev/artifact-foundry-prod/ah-3p-staging-python/simple/" }
dependencies = [
    { name = "pyasn1-modules" },
    { name = "rsa" },
]
sdist = { url = "https://us-python.pkg.dev/artifact-foundry-prod/ah-3p-staging-python/google-auth/google_auth-2.47.0.tar.gz", hash = "sha256:833229070a9dfee1a353ae9877dcd2dec069a8281a4e72e72f77d4a70ff945da" }
wheels = [
    { url = "https://us-python.pkg.dev/artifact-foundry-prod/ah-3p-staging-python/google-auth/google_auth-2.47.0-py3-none-any.whl", hash = "sha256:c516d68336bfde7cf0da26aab674a36fedcf04b37ac4edd59c597178760c3498" },
]

[[package]]
name = "google-cloud-bigquery"
version = "3.40.0"
source = { registry = "https://us-python.pkg.dev/artifact-foundry-prod/ah-3p-staging-python/simple/" }
dependencies = [
    { name = "google-api-core", extra = ["grpc"] },
    { name = "google-auth" },
    { name = "google-cloud-core" },
    { name = "google-resumable-media" },
    { name = "packaging" },
    { name = "python-dateutil" },
    { name = "requests" },
]
sdist = { url = "https://us-python.pkg.dev/artifact-foundry-prod/ah-3p-staging-python/google-cloud-bigquery/google_cloud_bigquery-3.40.0.tar.gz", hash = "sha256:b3ccb11caf0029f15b29569518f667553fe08f6f1459b959020c83fbbd8f2e68" }
wheels = [
    { url = "https://us-python.pkg.dev/artifact-foundry-prod/ah-3p-staging-python/google-cloud-bigquery/google_cloud_bigquery-3.40.0-py3-none-any.whl", hash = "sha256:0469bcf9e3dad3cab65b67cce98180c8c0aacf3253d47f0f8e976f299b49b5ab" },
]

[[package]]
name = "google-cloud-core"
version = "2.5.0"
source = { registry = "https://us-python.pkg.dev/artifact-foundry-prod/ah-3p-staging-python/simple/" }
dependencies = [
    { name = "google-api-core" },
    { name = "google-auth" },
]
sdist = { url = "https://us-python.pkg.dev/artifact-foundry-prod/ah-3p-staging-python/google-cloud-core/google_cloud_core-2.5.0.tar.gz", hash = "sha256:7c1b7ef5c92311717bd05301aa1a91ffbc565673d3b0b4163a52d8413a186963" }
wheels = [
    { url = "https://us-python.pkg.dev/artifact-foundry-prod/ah-3p-staging-python/google-cloud-core/google_cloud_core-2.5.0-py3-none-any.whl", hash = "sha256:67d977b41ae6c7211ee830c7912e41003ea8194bff15ae7d72fd6f51e57acabc" },
]

[[package]]
name = "google-cloud-pubsub"
version = "2.34.0"
source = { registry = "https://us-python.pkg.dev/artifact-foundry-prod/ah-3p-staging-python/simple/" }
dependencies = [
    { name = "google-api-core", extra = ["grpc"] },
    { name = "google-auth" },
    { name = "grpc-google-iam-v1" },
    { name = "grpcio" },
    { name = "grpcio-status" },
    { name = "opentelemetry-api" },
    { name = "opentelemetry-sdk" },
    { name = "proto-plus" },
    { name = "protobuf" },
]
sdist = { url = "https://us-python.pkg.dev/artifact-foundry-prod/ah-3p-staging-python/google-cloud-pubsub/google_cloud_pubsub-2.34.0.tar.gz", hash = "sha256:25f98c3ba16a69871f9ebbad7aece3fe63c8afe7ba392aad2094be730d545976" }
wheels = [
    { url = "https://us-python.pkg.dev/artifact-foundry-prod/ah-3p-staging-python/google-cloud-pubsub/google_cloud_pubsub-2.34.0-py3-none-any.whl", hash = "sha256:aa11b2471c6d509058b42a103ed1b3643f01048311a34fd38501a16663267206" },
]

[[package]]
name = "google-cloud-redis"
version = "2.20.0"
source = { registry = "https://us-python.pkg.dev/artifact-foundry-prod/ah-3p-staging-python/simple/" }
dependencies = [
    { name = "google-api-core", extra = ["grpc"] },
    { name = "google-auth" },
    { name = "grpcio" },
    { name = "proto-plus" },
    { name = "protobuf" },
]
sdist = { url = "https://us-python.pkg.dev/artifact-foundry-prod/ah-3p-staging-python/google-cloud-redis/google_cloud_redis-2.20.0.tar.gz", hash = "sha256:a672e4c6ac418ff20ce89ef702762d6789c3d56ffd17c313e99f925a258f1e8a" }
wheels = [
    { url = "https://us-python.pkg.dev/artifact-foundry-prod/ah-3p-staging-python/google-cloud-redis/google_cloud_redis-2.20.0-py3-none-any.whl", hash = "sha256:f4d2ef56a79ccd9fbdff6b3ef9ee11112f096244225beddc2939c54379124975" },
]

[[package]]
name = "google-crc32c"
version = "1.8.0"
source = { registry = "https://us-python.pkg.dev/artifact-foundry-prod/ah-3p-staging-python/simple/" }
sdist = { url = "https://us-python.pkg.dev/artifact-foundry-prod/ah-3p-staging-python/google-crc32c/google_crc32c-1.8.0.tar.gz", hash = "sha256:a428e25fb7691024de47fecfbff7ff957214da51eddded0da0ae0e0f03a2cf79" }
wheels = [
    { url = "https://us-python.pkg.dev/artifact-foundry-prod/ah-3p-staging-python/google-crc32c/google_crc32c-1.8.0-cp313-cp313-macosx_12_0_arm64.whl", hash = "sha256:3ebb04528e83b2634857f43f9bb8ef5b2bbe7f10f140daeb01b58f972d04736b" },
    { url = "https://us-python.pkg.dev/artifact-foundry-prod/ah-3p-staging-python/google-crc32c/google_crc32c-1.8.0-cp313-cp313-macosx_12_0_x86_64.whl", hash = "sha256:450dc98429d3e33ed2926fc99ee81001928d63460f8538f21a5d6060912a8e27" },
    { url = "https://us-python.pkg.dev/artifact-foundry-prod/ah-3p-staging-python/google-crc32c/google_crc32c-1.8.0-cp313-cp313-manylinux1_x86_64.manylinux2014_x86_64.manylinux_2_17_x86_64.manylinux_2_5_x86_64.whl", hash = "sha256:3b9776774b24ba76831609ffbabce8cdf6fa2bd5e9df37b594221c7e333a81fa" },
    { url = "https://us-python.pkg.dev/artifact-foundry-prod/ah-3p-staging-python/google-crc32c/google_crc32c-1.8.0-cp313-cp313-manylinux2014_aarch64.manylinux_2_17_aarch64.whl", hash = "sha256:89c17d53d75562edfff86679244830599ee0a48efc216200691de8b02ab6b2b8" },
    { url = "https://us-python.pkg.dev/artifact-foundry-prod/ah-3p-staging-python/google-crc32c/google_crc32c-1.8.0-cp313-cp313-win_amd64.whl", hash = "sha256:57a50a9035b75643996fbf224d6661e386c7162d1dfdab9bc4ca790947d1007f" },
    { url = "https://us-python.pkg.dev/artifact-foundry-prod/ah-3p-staging-python/google-crc32c/google_crc32c-1.8.0-cp314-cp314-macosx_12_0_arm64.whl", hash = "sha256:e6584b12cb06796d285d09e33f63309a09368b9d806a551d8036a4207ea43697" },
    { url = "https://us-python.pkg.dev/artifact-foundry-prod/ah-3p-staging-python/google-crc32c/google_crc32c-1.8.0-cp314-cp314-macosx_12_0_x86_64.whl", hash = "sha256:f4b51844ef67d6cf2e9425983274da75f18b1597bb2c998e1c0a0e8d46f8f651" },
    { url = "https://us-python.pkg.dev/artifact-foundry-prod/ah-3p-staging-python/google-crc32c/google_crc32c-1.8.0-cp314-cp314-manylinux1_x86_64.manylinux2014_x86_64.manylinux_2_17_x86_64.manylinux_2_5_x86_64.whl", hash = "sha256:b0d1a7afc6e8e4635564ba8aa5c0548e3173e41b6384d7711a9123165f582de2" },
    { url = "https://us-python.pkg.dev/artifact-foundry-prod/ah-3p-staging-python/google-crc32c/google_crc32c-1.8.0-cp314-cp314-manylinux2014_aarch64.manylinux_2_17_aarch64.whl", hash = "sha256:8b3f68782f3cbd1bce027e48768293072813469af6a61a86f6bb4977a4380f21" },
    { url = "https://us-python.pkg.dev/artifact-foundry-prod/ah-3p-staging-python/google-crc32c/google_crc32c-1.8.0-cp314-cp314-win_amd64.whl", hash = "sha256:d511b3153e7011a27ab6ee6bb3a5404a55b994dc1a7322c0b87b29606d9790e2" },
]

[[package]]
name = "google-resumable-media"
version = "2.8.0"
source = { registry = "https://us-python.pkg.dev/artifact-foundry-prod/ah-3p-staging-python/simple/" }
dependencies = [
    { name = "google-crc32c" },
]
sdist = { url = "https://us-python.pkg.dev/artifact-foundry-prod/ah-3p-staging-python/google-resumable-media/google_resumable_media-2.8.0.tar.gz", hash = "sha256:f1157ed8b46994d60a1bc432544db62352043113684d4e030ee02e77ebe9a1ae" }
wheels = [
    { url = "https://us-python.pkg.dev/artifact-foundry-prod/ah-3p-staging-python/google-resumable-media/google_resumable_media-2.8.0-py3-none-any.whl", hash = "sha256:dd14a116af303845a8d932ddae161a26e86cc229645bc98b39f026f9b1717582" },
]

[[package]]
name = "googleapis-common-protos"
version = "1.72.0"
source = { registry = "https://us-python.pkg.dev/artifact-foundry-prod/ah-3p-staging-python/simple/" }
dependencies = [
    { name = "protobuf" },
]
sdist = { url = "https://us-python.pkg.dev/artifact-foundry-prod/ah-3p-staging-python/googleapis-common-protos/googleapis_common_protos-1.72.0.tar.gz", hash = "sha256:e55a601c1b32b52d7a3e65f43563e2aa61bcd737998ee672ac9b951cd49319f5" }
wheels = [
    { url = "https://us-python.pkg.dev/artifact-foundry-prod/ah-3p-staging-python/googleapis-common-protos/googleapis_common_protos-1.72.0-py3-none-any.whl", hash = "sha256:4299c5a82d5ae1a9702ada957347726b167f9f8d1fc352477702a1e851ff4038" },
]

[package.optional-dependencies]
grpc = [
    { name = "grpcio" },
]

[[package]]
name = "grpc-google-iam-v1"
version = "0.14.3"
source = { registry = "https://us-python.pkg.dev/artifact-foundry-prod/ah-3p-staging-python/simple/" }
dependencies = [
    { name = "googleapis-common-protos", extra = ["grpc"] },
    { name = "grpcio" },
    { name = "protobuf" },
]
sdist = { url = "https://us-python.pkg.dev/artifact-foundry-prod/ah-3p-staging-python/grpc-google-iam-v1/grpc_google_iam_v1-0.14.3.tar.gz", hash = "sha256:879ac4ef33136c5491a6300e27575a9ec760f6cdf9a2518798c1b8977a5dc389" }
wheels = [
    { url = "https://us-python.pkg.dev/artifact-foundry-prod/ah-3p-staging-python/grpc-google-iam-v1/grpc_google_iam_v1-0.14.3-py3-none-any.whl", hash = "sha256:7a7f697e017a067206a3dfef44e4c634a34d3dee135fe7d7a4613fe3e59217e6" },
]

[[package]]
name = "grpcio"
version = "1.76.0"
source = { registry = "https://us-python.pkg.dev/artifact-foundry-prod/ah-3p-staging-python/simple/" }
dependencies = [
    { name = "typing-extensions" },
]
sdist = { url = "https://us-python.pkg.dev/artifact-foundry-prod/ah-3p-staging-python/grpcio/grpcio-1.76.0.tar.gz", hash = "sha256:7be78388d6da1a25c0d5ec506523db58b18be22d9c37d8d3a32c08be4987bd73" }
wheels = [
    { url = "https://us-python.pkg.dev/artifact-foundry-prod/ah-3p-staging-python/grpcio/grpcio-1.76.0-cp313-cp313-linux_armv7l.whl", hash = "sha256:26ef06c73eb53267c2b319f43e6634c7556ea37672029241a056629af27c10e2" },
    { url = "https://us-python.pkg.dev/artifact-foundry-prod/ah-3p-staging-python/grpcio/grpcio-1.76.0-cp313-cp313-macosx_11_0_universal2.whl", hash = "sha256:45e0111e73f43f735d70786557dc38141185072d7ff8dc1829d6a77ac1471468" },
    { url = "https://us-python.pkg.dev/artifact-foundry-prod/ah-3p-staging-python/grpcio/grpcio-1.76.0-cp313-cp313-manylinux2014_aarch64.manylinux_2_17_aarch64.whl", hash = "sha256:83d57312a58dcfe2a3a0f9d1389b299438909a02db60e2f2ea2ae2d8034909d3" },
    { url = "https://us-python.pkg.dev/artifact-foundry-prod/ah-3p-staging-python/grpcio/grpcio-1.76.0-cp313-cp313-manylinux2014_i686.manylinux_2_17_i686.whl", hash = "sha256:3e2a27c89eb9ac3d81ec8835e12414d73536c6e620355d65102503064a4ed6eb" },
    { url = "https://us-python.pkg.dev/artifact-foundry-prod/ah-3p-staging-python/grpcio/grpcio-1.76.0-cp313-cp313-manylinux2014_x86_64.manylinux_2_17_x86_64.whl", hash = "sha256:61f69297cba3950a524f61c7c8ee12e55c486cb5f7db47ff9dcee33da6f0d3ae" },
    { url = "https://us-python.pkg.dev/artifact-foundry-prod/ah-3p-staging-python/grpcio/grpcio-1.76.0-cp313-cp313-musllinux_1_2_aarch64.whl", hash = "sha256:6a15c17af8839b6801d554263c546c69c4d7718ad4321e3166175b37eaacca77" },
    { url = "https://us-python.pkg.dev/artifact-foundry-prod/ah-3p-staging-python/grpcio/grpcio-1.76.0-cp313-cp313-musllinux_1_2_i686.whl", hash = "sha256:25a18e9810fbc7e7f03ec2516addc116a957f8cbb8cbc95ccc80faa072743d03" },
    { url = "https://us-python.pkg.dev/artifact-foundry-prod/ah-3p-staging-python/grpcio/grpcio-1.76.0-cp313-cp313-musllinux_1_2_x86_64.whl", hash = "sha256:931091142fd8cc14edccc0845a79248bc155425eee9a98b2db2ea4f00a235a42" },
    { url = "https://us-python.pkg.dev/artifact-foundry-prod/ah-3p-staging-python/grpcio/grpcio-1.76.0-cp313-cp313-win32.whl", hash = "sha256:5e8571632780e08526f118f74170ad8d50fb0a48c23a746bef2a6ebade3abd6f" },
    { url = "https://us-python.pkg.dev/artifact-foundry-prod/ah-3p-staging-python/grpcio/grpcio-1.76.0-cp313-cp313-win_amd64.whl", hash = "sha256:f9f7bd5faab55f47231ad8dba7787866b69f5e93bc306e3915606779bbfb4ba8" },
    { url = "https://us-python.pkg.dev/artifact-foundry-prod/ah-3p-staging-python/grpcio/grpcio-1.76.0-cp314-cp314-linux_armv7l.whl", hash = "sha256:ff8a59ea85a1f2191a0ffcc61298c571bc566332f82e5f5be1b83c9d8e668a62" },
    { url = "https://us-python.pkg.dev/artifact-foundry-prod/ah-3p-staging-python/grpcio/grpcio-1.76.0-cp314-cp314-macosx_11_0_universal2.whl", hash = "sha256:06c3d6b076e7b593905d04fdba6a0525711b3466f43b3400266f04ff735de0cd" },
    { url = "https://us-python.pkg.dev/artifact-foundry-prod/ah-3p-staging-python/grpcio/grpcio-1.76.0-cp314-cp314-manylinux2014_aarch64.manylinux_2_17_aarch64.whl", hash = "sha256:fd5ef5932f6475c436c4a55e4336ebbe47bd3272be04964a03d316bbf4afbcbc" },
    { url = "https://us-python.pkg.dev/artifact-foundry-prod/ah-3p-staging-python/grpcio/grpcio-1.76.0-cp314-cp314-manylinux2014_i686.manylinux_2_17_i686.whl", hash = "sha256:b331680e46239e090f5b3cead313cc772f6caa7d0fc8de349337563125361a4a" },
    { url = "https://us-python.pkg.dev/artifact-foundry-prod/ah-3p-staging-python/grpcio/grpcio-1.76.0-cp314-cp314-manylinux2014_x86_64.manylinux_2_17_x86_64.whl", hash = "sha256:2229ae655ec4e8999599469559e97630185fdd53ae1e8997d147b7c9b2b72cba" },
    { url = "https://us-python.pkg.dev/artifact-foundry-prod/ah-3p-staging-python/grpcio/grpcio-1.76.0-cp314-cp314-musllinux_1_2_aarch64.whl", hash = "sha256:490fa6d203992c47c7b9e4a9d39003a0c2bcc1c9aa3c058730884bbbb0ee9f09" },
    { url = "https://us-python.pkg.dev/artifact-foundry-prod/ah-3p-staging-python/grpcio/grpcio-1.76.0-cp314-cp314-musllinux_1_2_i686.whl", hash = "sha256:479496325ce554792dba6548fae3df31a72cef7bad71ca2e12b0e58f9b336bfc" },
    { url = "https://us-python.pkg.dev/artifact-foundry-prod/ah-3p-staging-python/grpcio/grpcio-1.76.0-cp314-cp314-musllinux_1_2_x86_64.whl", hash = "sha256:1c9b93f79f48b03ada57ea24725d83a30284a012ec27eab2cf7e50a550cbbbcc" },
    { url = "https://us-python.pkg.dev/artifact-foundry-prod/ah-3p-staging-python/grpcio/grpcio-1.76.0-cp314-cp314-win32.whl", hash = "sha256:747fa73efa9b8b1488a95d0ba1039c8e2dca0f741612d80415b1e1c560febf4e" },
    { url = "https://us-python.pkg.dev/artifact-foundry-prod/ah-3p-staging-python/grpcio/grpcio-1.76.0-cp314-cp314-win_amd64.whl", hash = "sha256:922fa70ba549fce362d2e2871ab542082d66e2aaf0c19480ea453905b01f384e" },
]

[[package]]
name = "grpcio-status"
version = "1.76.0"
source = { registry = "https://us-python.pkg.dev/artifact-foundry-prod/ah-3p-staging-python/simple/" }
dependencies = [
    { name = "googleapis-common-protos" },
    { name = "grpcio" },
    { name = "protobuf" },
]
sdist = { url = "https://us-python.pkg.dev/artifact-foundry-prod/ah-3p-staging-python/grpcio-status/grpcio_status-1.76.0.tar.gz", hash = "sha256:25fcbfec74c15d1a1cb5da3fab8ee9672852dc16a5a9eeb5baf7d7a9952943cd" }
wheels = [
    { url = "https://us-python.pkg.dev/artifact-foundry-prod/ah-3p-staging-python/grpcio-status/grpcio_status-1.76.0-py3-none-any.whl", hash = "sha256:380568794055a8efbbd8871162df92012e0228a5f6dffaf57f2a00c534103b18" },
]

[[package]]
name = "idna"
version = "3.11"
source = { registry = "https://us-python.pkg.dev/artifact-foundry-prod/ah-3p-staging-python/simple/" }
sdist = { url = "https://us-python.pkg.dev/artifact-foundry-prod/ah-3p-staging-python/idna/idna-3.11.tar.gz", hash = "sha256:795dafcc9c04ed0c1fb032c2aa73654d8e8c5023a7df64a53f39190ada629902" }
wheels = [
    { url = "https://us-python.pkg.dev/artifact-foundry-prod/ah-3p-staging-python/idna/idna-3.11-py3-none-any.whl", hash = "sha256:771a87f49d9defaf64091e6e6fe9c18d4833f140bd19464795bc32d966ca37ea" },
]

[[package]]
name = "importlib-metadata"
version = "8.7.1"
source = { registry = "https://us-python.pkg.dev/artifact-foundry-prod/ah-3p-staging-python/simple/" }
dependencies = [
    { name = "zipp" },
]
sdist = { url = "https://us-python.pkg.dev/artifact-foundry-prod/ah-3p-staging-python/importlib-metadata/importlib_metadata-8.7.1.tar.gz", hash = "sha256:49fef1ae6440c182052f407c8d34a68f72efc36db9ca90dc0113398f2fdde8bb" }
wheels = [
    { url = "https://us-python.pkg.dev/artifact-foundry-prod/ah-3p-staging-python/importlib-metadata/importlib_metadata-8.7.1-py3-none-any.whl", hash = "sha256:5a1f80bf1daa489495071efbb095d75a634cf28a8bc299581244063b53176151" },
]

[[package]]
name = "opentelemetry-api"
version = "1.39.1"
source = { registry = "https://us-python.pkg.dev/artifact-foundry-prod/ah-3p-staging-python/simple/" }
dependencies = [
    { name = "importlib-metadata" },
    { name = "typing-extensions" },
]
sdist = { url = "https://us-python.pkg.dev/artifact-foundry-prod/ah-3p-staging-python/opentelemetry-api/opentelemetry_api-1.39.1.tar.gz", hash = "sha256:fbde8c80e1b937a2c61f20347e91c0c18a1940cecf012d62e65a7caf08967c9c" }
wheels = [
    { url = "https://us-python.pkg.dev/artifact-foundry-prod/ah-3p-staging-python/opentelemetry-api/opentelemetry_api-1.39.1-py3-none-any.whl", hash = "sha256:2edd8463432a7f8443edce90972169b195e7d6a05500cd29e6d13898187c9950" },
]

[[package]]
name = "opentelemetry-sdk"
version = "1.39.1"
source = { registry = "https://us-python.pkg.dev/artifact-foundry-prod/ah-3p-staging-python/simple/" }
dependencies = [
    { name = "opentelemetry-api" },
    { name = "opentelemetry-semantic-conventions" },
    { name = "typing-extensions" },
]
sdist = { url = "https://us-python.pkg.dev/artifact-foundry-prod/ah-3p-staging-python/opentelemetry-sdk/opentelemetry_sdk-1.39.1.tar.gz", hash = "sha256:cf4d4563caf7bff906c9f7967e2be22d0d6b349b908be0d90fb21c8e9c995cc6" }
wheels = [
    { url = "https://us-python.pkg.dev/artifact-foundry-prod/ah-3p-staging-python/opentelemetry-sdk/opentelemetry_sdk-1.39.1-py3-none-any.whl", hash = "sha256:4d5482c478513ecb0a5d938dcc61394e647066e0cc2676bee9f3af3f3f45f01c" },
]

[[package]]
name = "opentelemetry-semantic-conventions"
version = "0.60b1"
source = { registry = "https://us-python.pkg.dev/artifact-foundry-prod/ah-3p-staging-python/simple/" }
dependencies = [
    { name = "opentelemetry-api" },
    { name = "typing-extensions" },
]
sdist = { url = "https://us-python.pkg.dev/artifact-foundry-prod/ah-3p-staging-python/opentelemetry-semantic-conventions/opentelemetry_semantic_conventions-0.60b1.tar.gz", hash = "sha256:87c228b5a0669b748c76d76df6c364c369c28f1c465e50f661e39737e84bc953" }
wheels = [
    { url = "https://us-python.pkg.dev/artifact-foundry-prod/ah-3p-staging-python/opentelemetry-semantic-conventions/opentelemetry_semantic_conventions-0.60b1-py3-none-any.whl", hash = "sha256:9fa8c8b0c110da289809292b0591220d3a7b53c1526a23021e977d68597893fb" },
]

[[package]]
name = "packaging"
version = "25.0"
source = { registry = "https://us-python.pkg.dev/artifact-foundry-prod/ah-3p-staging-python/simple/" }
sdist = { url = "https://us-python.pkg.dev/artifact-foundry-prod/ah-3p-staging-python/packaging/packaging-25.0.tar.gz", hash = "sha256:d443872c98d677bf60f6a1f2f8c1cb748e8fe762d2bf9d3148b5599295b0fc4f" }
wheels = [
    { url = "https://us-python.pkg.dev/artifact-foundry-prod/ah-3p-staging-python/packaging/packaging-25.0-py3-none-any.whl", hash = "sha256:29572ef2b1f17581046b3a2227d5c611fb25ec70ca1ba8554b24b0e69331a484" },
]

[[package]]
name = "proto-plus"
version = "1.27.0"
source = { registry = "https://us-python.pkg.dev/artifact-foundry-prod/ah-3p-staging-python/simple/" }
dependencies = [
    { name = "protobuf" },
]
sdist = { url = "https://us-python.pkg.dev/artifact-foundry-prod/ah-3p-staging-python/proto-plus/proto_plus-1.27.0.tar.gz", hash = "sha256:873af56dd0d7e91836aee871e5799e1c6f1bda86ac9a983e0bb9f0c266a568c4" }
wheels = [
    { url = "https://us-python.pkg.dev/artifact-foundry-prod/ah-3p-staging-python/proto-plus/proto_plus-1.27.0-py3-none-any.whl", hash = "sha256:1baa7f81cf0f8acb8bc1f6d085008ba4171eaf669629d1b6d1673b21ed1c0a82" },
]

[[package]]
name = "protobuf"
version = "6.33.4"
source = { registry = "https://us-python.pkg.dev/artifact-foundry-prod/ah-3p-staging-python/simple/" }
sdist = { url = "https://us-python.pkg.dev/artifact-foundry-prod/ah-3p-staging-python/protobuf/protobuf-6.33.4.tar.gz", hash = "sha256:dc2e61bca3b10470c1912d166fe0af67bfc20eb55971dcef8dfa48ce14f0ed91" }
wheels = [
    { url = "https://us-python.pkg.dev/artifact-foundry-prod/ah-3p-staging-python/protobuf/protobuf-6.33.4-cp310-abi3-win32.whl", hash = "sha256:918966612c8232fc6c24c78e1cd89784307f5814ad7506c308ee3cf86662850d" },
    { url = "https://us-python.pkg.dev/artifact-foundry-prod/ah-3p-staging-python/protobuf/protobuf-6.33.4-cp310-abi3-win_amd64.whl", hash = "sha256:8f11ffae31ec67fc2554c2ef891dcb561dae9a2a3ed941f9e134c2db06657dbc" },
    { url = "https://us-python.pkg.dev/artifact-foundry-prod/ah-3p-staging-python/protobuf/protobuf-6.33.4-cp39-abi3-macosx_10_9_universal2.whl", hash = "sha256:2fe67f6c014c84f655ee06f6f66213f9254b3a8b6bda6cda0ccd4232c73c06f0" },
    { url = "https://us-python.pkg.dev/artifact-foundry-prod/ah-3p-staging-python/protobuf/protobuf-6.33.4-cp39-abi3-manylinux2014_aarch64.whl", hash = "sha256:757c978f82e74d75cba88eddec479df9b99a42b31193313b75e492c06a51764e" },
    { url = "https://us-python.pkg.dev/artifact-foundry-prod/ah-3p-staging-python/protobuf/protobuf-6.33.4-cp39-abi3-manylinux2014_s390x.whl", hash = "sha256:c7c64f259c618f0bef7bee042075e390debbf9682334be2b67408ec7c1c09ee6" },
    { url = "https://us-python.pkg.dev/artifact-foundry-prod/ah-3p-staging-python/protobuf/protobuf-6.33.4-cp39-abi3-manylinux2014_x86_64.whl", hash = "sha256:3df850c2f8db9934de4cf8f9152f8dc2558f49f298f37f90c517e8e5c84c30e9" },
    { url = "https://us-python.pkg.dev/artifact-foundry-prod/ah-3p-staging-python/protobuf/protobuf-6.33.4-py3-none-any.whl", hash = "sha256:1fe3730068fcf2e595816a6c34fe66eeedd37d51d0400b72fabc848811fdc1bc" },
]

[[package]]
name = "pyasn1"
version = "0.6.2"
source = { registry = "https://us-python.pkg.dev/artifact-foundry-prod/ah-3p-staging-python/simple/" }
sdist = { url = "https://us-python.pkg.dev/artifact-foundry-prod/ah-3p-staging-python/pyasn1/pyasn1-0.6.2.tar.gz", hash = "sha256:9b59a2b25ba7e4f8197db7686c09fb33e658b98339fadb826e9512629017833b" }
wheels = [
    { url = "https://us-python.pkg.dev/artifact-foundry-prod/ah-3p-staging-python/pyasn1/pyasn1-0.6.2-py3-none-any.whl", hash = "sha256:1eb26d860996a18e9b6ed05e7aae0e9fc21619fcee6af91cca9bad4fbea224bf" },
]

[[package]]
name = "pyasn1-modules"
version = "0.4.2"
source = { registry = "https://us-python.pkg.dev/artifact-foundry-prod/ah-3p-staging-python/simple/" }
dependencies = [
    { name = "pyasn1" },
]
sdist = { url = "https://us-python.pkg.dev/artifact-foundry-prod/ah-3p-staging-python/pyasn1-modules/pyasn1_modules-0.4.2.tar.gz", hash = "sha256:677091de870a80aae844b1ca6134f54652fa2c8c5a52aa396440ac3106e941e6" }
wheels = [
    { url = "https://us-python.pkg.dev/artifact-foundry-prod/ah-3p-staging-python/pyasn1-modules/pyasn1_modules-0.4.2-py3-none-any.whl", hash = "sha256:29253a9207ce32b64c3ac6600edc75368f98473906e8fd1043bd6b5b1de2c14a" },
]

[[package]]
name = "python-dateutil"
version = "2.9.0.post0"
source = { registry = "https://us-python.pkg.dev/artifact-foundry-prod/ah-3p-staging-python/simple/" }
dependencies = [
    { name = "six" },
]
sdist = { url = "https://us-python.pkg.dev/artifact-foundry-prod/ah-3p-staging-python/python-dateutil/python-dateutil-2.9.0.post0.tar.gz", hash = "sha256:37dd54208da7e1cd875388217d5e00ebd4179249f90fb72437e91a35459a0ad3" }
wheels = [
    { url = "https://us-python.pkg.dev/artifact-foundry-prod/ah-3p-staging-python/python-dateutil/python_dateutil-2.9.0.post0-py2.py3-none-any.whl", hash = "sha256:a8b2bc7bffae282281c8140a97d3aa9c14da0b136dfe83f850eea9a5f7470427" },
]

[[package]]
name = "requests"
version = "2.32.5"
source = { registry = "https://us-python.pkg.dev/artifact-foundry-prod/ah-3p-staging-python/simple/" }
dependencies = [
    { name = "certifi" },
    { name = "charset-normalizer" },
    { name = "idna" },
    { name = "urllib3" },
]
sdist = { url = "https://us-python.pkg.dev/artifact-foundry-prod/ah-3p-staging-python/requests/requests-2.32.5.tar.gz", hash = "sha256:dbba0bac56e100853db0ea71b82b4dfd5fe2bf6d3754a8893c3af500cec7d7cf" }
wheels = [
    { url = "https://us-python.pkg.dev/artifact-foundry-prod/ah-3p-staging-python/requests/requests-2.32.5-py3-none-any.whl", hash = "sha256:2462f94637a34fd532264295e186976db0f5d453d1cdd31473c85a6a161affb6" },
]

[[package]]
name = "rsa"
version = "4.9.1"
source = { registry = "https://us-python.pkg.dev/artifact-foundry-prod/ah-3p-staging-python/simple/" }
dependencies = [
    { name = "pyasn1" },
]
sdist = { url = "https://us-python.pkg.dev/artifact-foundry-prod/ah-3p-staging-python/rsa/rsa-4.9.1.tar.gz", hash = "sha256:e7bdbfdb5497da4c07dfd35530e1a902659db6ff241e39d9953cad06ebd0ae75" }
wheels = [
    { url = "https://us-python.pkg.dev/artifact-foundry-prod/ah-3p-staging-python/rsa/rsa-4.9.1-py3-none-any.whl", hash = "sha256:68635866661c6836b8d39430f97a996acbd61bfa49406748ea243539fe239762" },
]

[[package]]
name = "six"
version = "1.17.0"
source = { registry = "https://us-python.pkg.dev/artifact-foundry-prod/ah-3p-staging-python/simple/" }
sdist = { url = "https://us-python.pkg.dev/artifact-foundry-prod/ah-3p-staging-python/six/six-1.17.0.tar.gz", hash = "sha256:ff70335d468e7eb6ec65b95b99d3a2836546063f63acc5171de367e834932a81" }
wheels = [
    { url = "https://us-python.pkg.dev/artifact-foundry-prod/ah-3p-staging-python/six/six-1.17.0-py2.py3-none-any.whl", hash = "sha256:4721f391ed90541fddacab5acf947aa0d3dc7d27b2e1e8eda2be8970586c3274" },
]

[[package]]
name = "typing-extensions"
version = "4.15.0"
source = { registry = "https://us-python.pkg.dev/artifact-foundry-prod/ah-3p-staging-python/simple/" }
sdist = { url = "https://us-python.pkg.dev/artifact-foundry-prod/ah-3p-staging-python/typing-extensions/typing_extensions-4.15.0.tar.gz", hash = "sha256:0cea48d173cc12fa28ecabc3b837ea3cf6f38c6d1136f85cbaaf598984861466" }
wheels = [
    { url = "https://us-python.pkg.dev/artifact-foundry-prod/ah-3p-staging-python/typing-extensions/typing_extensions-4.15.0-py3-none-any.whl", hash = "sha256:f0fa19c6845758ab08074a0cfa8b7aecb71c999ca73d62883bc25cc018c4e548" },
]

[[package]]
name = "udk-mlops"
version = "0.1.0"
source = { virtual = "." }
dependencies = [
    { name = "google-cloud-bigquery" },
    { name = "google-cloud-pubsub" },
    { name = "google-cloud-redis" },
]

[package.metadata]
requires-dist = [
    { name = "google-cloud-bigquery", specifier = ">=3.40.0" },
    { name = "google-cloud-pubsub", specifier = ">=2.0.0" },
    { name = "google-cloud-redis", specifier = ">=2.0.0" },
]

[[package]]
name = "urllib3"
version = "2.6.3"
source = { registry = "https://us-python.pkg.dev/artifact-foundry-prod/ah-3p-staging-python/simple/" }
sdist = { url = "https://us-python.pkg.dev/artifact-foundry-prod/ah-3p-staging-python/urllib3/urllib3-2.6.3.tar.gz", hash = "sha256:1b62b6884944a57dbe321509ab94fd4d3b307075e0c2eae991ac71ee15ad38ed" }
wheels = [
    { url = "https://us-python.pkg.dev/artifact-foundry-prod/ah-3p-staging-python/urllib3/urllib3-2.6.3-py3-none-any.whl", hash = "sha256:bf272323e553dfb2e87d9bfd225ca7b0f467b919d7bbd355436d3fd37cb0acd4" },
]

[[package]]
name = "zipp"
version = "3.23.0"
source = { registry = "https://us-python.pkg.dev/artifact-foundry-prod/ah-3p-staging-python/simple/" }
sdist = { url = "https://us-python.pkg.dev/artifact-foundry-prod/ah-3p-staging-python/zipp/zipp-3.23.0.tar.gz", hash = "sha256:a07157588a12518c9d4034df3fbbee09c814741a33ff63c05fa29d26a2404166" }
wheels = [
    { url = "https://us-python.pkg.dev/artifact-foundry-prod/ah-3p-staging-python/zipp/zipp-3.23.0-py3-none-any.whl", hash = "sha256:071652d6115ed432f5ce1d34c336c0adfd6a884660d1e9712a256d3d3bd4b14e" },
]
